
Microsoft Visual Studio Solution File, Format Version 12.00
# Visual Studio Version 16
VisualStudioVersion = 16.0.34902.97
MinimumVisualStudioVersion = 10.0.40219.1
Project("{FAE04EC0-301F-11D3-BF4B-00C04F79EFBC}") = "CQRS.Practico", "CQRS.Practico.csproj", "{8BB2039F-1B89-4181-A684-18181543566D}"
EndProject
Global
	GlobalSection(SolutionConfigurationPlatforms) = preSolution
		Debug|Any CPU = Debug|Any CPU
		Release|Any CPU = Release|Any CPU
	EndGlobalSection
	GlobalSection(ProjectConfigurationPlatforms) = postSolution
		{8BB2039F-1B89-4181-A684-18181543566D}.Debug|Any CPU.ActiveCfg = Debug|Any CPU
		{8BB2039F-1B89-4181-A684-18181543566D}.Debug|Any CPU.Build.0 = Debug|Any CPU
		{8BB2039F-1B89-4181-A684-18181543566D}.Release|Any CPU.ActiveCfg = Release|Any CPU
		{8BB2039F-1B89-4181-A684-18181543566D}.Release|Any CPU.Build.0 = Release|Any CPU
	EndGlobalSection
	GlobalSection(SolutionProperties) = preSolution
		HideSolutionNode = FALSE
	EndGlobalSection
	GlobalSection(ExtensibilityGlobals) = postSolution
		SolutionGuid = {8554AB4F-F68A-43B4-8B7E-5F221778DD74}
	EndGlobalSection
EndGlobal
